
Microsoft Visual Studio Solution File, Format Version 12.00
# Visual Studio 15
VisualStudioVersion = 15.0.27428.2043
MinimumVisualStudioVersion = 10.0.40219.1
Project("{2150E333-8FDC-42A3-9474-1A3956D46DE8}") = "docs", "docs", "{A574CF2B-F7EF-4656-906A-730C2A8DB6C0}"
	ProjectSection(SolutionItems) = preProject
		LICENSE = LICENSE
		README.md = README.md
	EndProjectSection
EndProject
Project("{FAE04EC0-301F-11D3-BF4B-00C04F79EFBC}") = "NppXmlTreeviewPlugin", "src\NppXmlTreeviewPlugin\NppXmlTreeviewPlugin.csproj", "{E56F6E12-089C-40ED-BCFD-923E5FA121A1}"
EndProject
Project("{FAE04EC0-301F-11D3-BF4B-00C04F79EFBC}") = "NppXmlTreeviewPlugin.Parsers", "src\NppXmlTreeviewPlugin.Parsers\NppXmlTreeviewPlugin.Parsers.csproj", "{EABA4132-6E8C-41EC-B6F0-666EFCA5439A}"
EndProject
Project("{2150E333-8FDC-42A3-9474-1A3956D46DE8}") = "build", "build", "{0B3B9BE3-29A4-494C-A373-E104940FB537}"
	ProjectSection(SolutionItems) = preProject
		appveyor.yml = appveyor.yml
		build.cake = build.cake
		build.ps1 = build.ps1
		build.sh = build.sh
	EndProjectSection
EndProject
Project("{2150E333-8FDC-42A3-9474-1A3956D46DE8}") = "src", "src", "{2800F860-8256-4EF2-BB05-C64D0039617D}"
EndProject
Global
	GlobalSection(SolutionConfigurationPlatforms) = preSolution
		Debug|Any CPU = Debug|Any CPU
		Debug|x64 = Debug|x64
		Debug|x86 = Debug|x86
		Release|Any CPU = Release|Any CPU
		Release|x64 = Release|x64
		Release|x86 = Release|x86
	EndGlobalSection
	GlobalSection(ProjectConfigurationPlatforms) = postSolution
		{E56F6E12-089C-40ED-BCFD-923E5FA121A1}.Debug|Any CPU.ActiveCfg = Debug|Any CPU
		{E56F6E12-089C-40ED-BCFD-923E5FA121A1}.Debug|Any CPU.Build.0 = Debug|Any CPU
		{E56F6E12-089C-40ED-BCFD-923E5FA121A1}.Debug|x64.ActiveCfg = Debug|x64
		{E56F6E12-089C-40ED-BCFD-923E5FA121A1}.Debug|x64.Build.0 = Debug|x64
		{E56F6E12-089C-40ED-BCFD-923E5FA121A1}.Debug|x86.ActiveCfg = Debug|Any CPU
		{E56F6E12-089C-40ED-BCFD-923E5FA121A1}.Debug|x86.Build.0 = Debug|Any CPU
		{E56F6E12-089C-40ED-BCFD-923E5FA121A1}.Release|Any CPU.ActiveCfg = Release|Any CPU
		{E56F6E12-089C-40ED-BCFD-923E5FA121A1}.Release|Any CPU.Build.0 = Release|Any CPU
		{E56F6E12-089C-40ED-BCFD-923E5FA121A1}.Release|x64.ActiveCfg = Release|x64
		{E56F6E12-089C-40ED-BCFD-923E5FA121A1}.Release|x64.Build.0 = Release|x64
		{E56F6E12-089C-40ED-BCFD-923E5FA121A1}.Release|x86.ActiveCfg = Release|Any CPU
		{E56F6E12-089C-40ED-BCFD-923E5FA121A1}.Release|x86.Build.0 = Release|Any CPU
		{EABA4132-6E8C-41EC-B6F0-666EFCA5439A}.Debug|Any CPU.ActiveCfg = Debug|Any CPU
		{EABA4132-6E8C-41EC-B6F0-666EFCA5439A}.Debug|Any CPU.Build.0 = Debug|Any CPU
		{EABA4132-6E8C-41EC-B6F0-666EFCA5439A}.Debug|x64.ActiveCfg = Debug|x64
		{EABA4132-6E8C-41EC-B6F0-666EFCA5439A}.Debug|x64.Build.0 = Debug|x64
		{EABA4132-6E8C-41EC-B6F0-666EFCA5439A}.Debug|x86.ActiveCfg = Debug|Any CPU
		{EABA4132-6E8C-41EC-B6F0-666EFCA5439A}.Debug|x86.Build.0 = Debug|Any CPU
		{EABA4132-6E8C-41EC-B6F0-666EFCA5439A}.Release|Any CPU.ActiveCfg = Release|Any CPU
		{EABA4132-6E8C-41EC-B6F0-666EFCA5439A}.Release|Any CPU.Build.0 = Release|Any CPU
		{EABA4132-6E8C-41EC-B6F0-666EFCA5439A}.Release|x64.ActiveCfg = Release|x64
		{EABA4132-6E8C-41EC-B6F0-666EFCA5439A}.Release|x64.Build.0 = Release|x64
		{EABA4132-6E8C-41EC-B6F0-666EFCA5439A}.Release|x86.ActiveCfg = Release|Any CPU
		{EABA4132-6E8C-41EC-B6F0-666EFCA5439A}.Release|x86.Build.0 = Release|Any CPU
	EndGlobalSection
	GlobalSection(SolutionProperties) = preSolution
		HideSolutionNode = FALSE
	EndGlobalSection
	GlobalSection(NestedProjects) = preSolution
		{E56F6E12-089C-40ED-BCFD-923E5FA121A1} = {2800F860-8256-4EF2-BB05-C64D0039617D}
		{EABA4132-6E8C-41EC-B6F0-666EFCA5439A} = {2800F860-8256-4EF2-BB05-C64D0039617D}
	EndGlobalSection
	GlobalSection(ExtensibilityGlobals) = postSolution
		SolutionGuid = {61C37722-AAD8-4166-A3F3-7F48A5C49BFC}
	EndGlobalSection
EndGlobal
